
Microsoft Visual Studio Solution File, Format Version 12.00
# Visual Studio 15
VisualStudioVersion = 15.0.28016.0
MinimumVisualStudioVersion = 10.0.40219.1
Project("{FAE04EC0-301F-11D3-BF4B-00C04F79EFBC}") = "Pratice1-2018-II.Backend", "Pratice1-2018-II.Backend\Pratice1-2018-II.Backend.csproj", "{44DC0BC4-5477-4261-926E-AEEAFF68D7AB}"
EndProject
Project("{FAE04EC0-301F-11D3-BF4B-00C04F79EFBC}") = "Pratice1-2018-II.API", "Pratice1-2018-II.API\Pratice1-2018-II.API.csproj", "{74F24936-BFA2-45D7-8F80-FF96C3878F84}"
EndProject
Project("{FAE04EC0-301F-11D3-BF4B-00C04F79EFBC}") = "Pratice1-2018-II.Domain", "Pratice1-2018-II.Domain\Pratice1-2018-II.Domain.csproj", "{296D017C-EE1D-4EFB-AA01-E571AA9A19FD}"
EndProject
Project("{FAE04EC0-301F-11D3-BF4B-00C04F79EFBC}") = "Zoo.Android", "Zoo\Zoo.Android\Zoo.Android.csproj", "{E6AF759F-D36F-4ADD-A6D8-E3281FF86C53}"
EndProject
Project("{FAE04EC0-301F-11D3-BF4B-00C04F79EFBC}") = "Zoo.iOS", "Zoo\Zoo.iOS\Zoo.iOS.csproj", "{22A1A04B-0DBD-440F-8ECC-FFF7EA225074}"
EndProject
Project("{FAE04EC0-301F-11D3-BF4B-00C04F79EFBC}") = "Zoo", "Zoo\Zoo\Zoo.csproj", "{94D877C7-5D42-45DE-9B02-43D11800F890}"
EndProject
Global
	GlobalSection(SolutionConfigurationPlatforms) = preSolution
		Ad-Hoc|Any CPU = Ad-Hoc|Any CPU
		Ad-Hoc|iPhone = Ad-Hoc|iPhone
		Ad-Hoc|iPhoneSimulator = Ad-Hoc|iPhoneSimulator
		AppStore|Any CPU = AppStore|Any CPU
		AppStore|iPhone = AppStore|iPhone
		AppStore|iPhoneSimulator = AppStore|iPhoneSimulator
		Debug|Any CPU = Debug|Any CPU
		Debug|iPhone = Debug|iPhone
		Debug|iPhoneSimulator = Debug|iPhoneSimulator
		Release|Any CPU = Release|Any CPU
		Release|iPhone = Release|iPhone
		Release|iPhoneSimulator = Release|iPhoneSimulator
	EndGlobalSection
	GlobalSection(ProjectConfigurationPlatforms) = postSolution
		{44DC0BC4-5477-4261-926E-AEEAFF68D7AB}.Ad-Hoc|Any CPU.ActiveCfg = Release|Any CPU
		{44DC0BC4-5477-4261-926E-AEEAFF68D7AB}.Ad-Hoc|Any CPU.Build.0 = Release|Any CPU
		{44DC0BC4-5477-4261-926E-AEEAFF68D7AB}.Ad-Hoc|iPhone.ActiveCfg = Release|Any CPU
		{44DC0BC4-5477-4261-926E-AEEAFF68D7AB}.Ad-Hoc|iPhone.Build.0 = Release|Any CPU
		{44DC0BC4-5477-4261-926E-AEEAFF68D7AB}.Ad-Hoc|iPhoneSimulator.ActiveCfg = Release|Any CPU
		{44DC0BC4-5477-4261-926E-AEEAFF68D7AB}.Ad-Hoc|iPhoneSimulator.Build.0 = Release|Any CPU
		{44DC0BC4-5477-4261-926E-AEEAFF68D7AB}.AppStore|Any CPU.ActiveCfg = Release|Any CPU
		{44DC0BC4-5477-4261-926E-AEEAFF68D7AB}.AppStore|Any CPU.Build.0 = Release|Any CPU
		{44DC0BC4-5477-4261-926E-AEEAFF68D7AB}.AppStore|iPhone.ActiveCfg = Release|Any CPU
		{44DC0BC4-5477-4261-926E-AEEAFF68D7AB}.AppStore|iPhone.Build.0 = Release|Any CPU
		{44DC0BC4-5477-4261-926E-AEEAFF68D7AB}.AppStore|iPhoneSimulator.ActiveCfg = Release|Any CPU
		{44DC0BC4-5477-4261-926E-AEEAFF68D7AB}.AppStore|iPhoneSimulator.Build.0 = Release|Any CPU
		{44DC0BC4-5477-4261-926E-AEEAFF68D7AB}.Debug|Any CPU.ActiveCfg = Debug|Any CPU
		{44DC0BC4-5477-4261-926E-AEEAFF68D7AB}.Debug|Any CPU.Build.0 = Debug|Any CPU
		{44DC0BC4-5477-4261-926E-AEEAFF68D7AB}.Debug|iPhone.ActiveCfg = Debug|Any CPU
		{44DC0BC4-5477-4261-926E-AEEAFF68D7AB}.Debug|iPhone.Build.0 = Debug|Any CPU
		{44DC0BC4-5477-4261-926E-AEEAFF68D7AB}.Debug|iPhoneSimulator.ActiveCfg = Debug|Any CPU
		{44DC0BC4-5477-4261-926E-AEEAFF68D7AB}.Debug|iPhoneSimulator.Build.0 = Debug|Any CPU
		{44DC0BC4-5477-4261-926E-AEEAFF68D7AB}.Release|Any CPU.ActiveCfg = Release|Any CPU
		{44DC0BC4-5477-4261-926E-AEEAFF68D7AB}.Release|Any CPU.Build.0 = Release|Any CPU
		{44DC0BC4-5477-4261-926E-AEEAFF68D7AB}.Release|iPhone.ActiveCfg = Release|Any CPU
		{44DC0BC4-5477-4261-926E-AEEAFF68D7AB}.Release|iPhone.Build.0 = Release|Any CPU
		{44DC0BC4-5477-4261-926E-AEEAFF68D7AB}.Release|iPhoneSimulator.ActiveCfg = Release|Any CPU
		{44DC0BC4-5477-4261-926E-AEEAFF68D7AB}.Release|iPhoneSimulator.Build.0 = Release|Any CPU
		{74F24936-BFA2-45D7-8F80-FF96C3878F84}.Ad-Hoc|Any CPU.ActiveCfg = Release|Any CPU
		{74F24936-BFA2-45D7-8F80-FF96C3878F84}.Ad-Hoc|Any CPU.Build.0 = Release|Any CPU
		{74F24936-BFA2-45D7-8F80-FF96C3878F84}.Ad-Hoc|iPhone.ActiveCfg = Release|Any CPU
		{74F24936-BFA2-45D7-8F80-FF96C3878F84}.Ad-Hoc|iPhone.Build.0 = Release|Any CPU
		{74F24936-BFA2-45D7-8F80-FF96C3878F84}.Ad-Hoc|iPhoneSimulator.ActiveCfg = Release|Any CPU
		{74F24936-BFA2-45D7-8F80-FF96C3878F84}.Ad-Hoc|iPhoneSimulator.Build.0 = Release|Any CPU
		{74F24936-BFA2-45D7-8F80-FF96C3878F84}.AppStore|Any CPU.ActiveCfg = Release|Any CPU
		{74F24936-BFA2-45D7-8F80-FF96C3878F84}.AppStore|Any CPU.Build.0 = Release|Any CPU
		{74F24936-BFA2-45D7-8F80-FF96C3878F84}.AppStore|iPhone.ActiveCfg = Release|Any CPU
		{74F24936-BFA2-45D7-8F80-FF96C3878F84}.AppStore|iPhone.Build.0 = Release|Any CPU
		{74F24936-BFA2-45D7-8F80-FF96C3878F84}.AppStore|iPhoneSimulator.ActiveCfg = Release|Any CPU
		{74F24936-BFA2-45D7-8F80-FF96C3878F84}.AppStore|iPhoneSimulator.Build.0 = Release|Any CPU
		{74F24936-BFA2-45D7-8F80-FF96C3878F84}.Debug|Any CPU.ActiveCfg = Debug|Any CPU
		{74F24936-BFA2-45D7-8F80-FF96C3878F84}.Debug|Any CPU.Build.0 = Debug|Any CPU
		{74F24936-BFA2-45D7-8F80-FF96C3878F84}.Debug|iPhone.ActiveCfg = Debug|Any CPU
		{74F24936-BFA2-45D7-8F80-FF96C3878F84}.Debug|iPhone.Build.0 = Debug|Any CPU
		{74F24936-BFA2-45D7-8F80-FF96C3878F84}.Debug|iPhoneSimulator.ActiveCfg = Debug|Any CPU
		{74F24936-BFA2-45D7-8F80-FF96C3878F84}.Debug|iPhoneSimulator.Build.0 = Debug|Any CPU
		{74F24936-BFA2-45D7-8F80-FF96C3878F84}.Release|Any CPU.ActiveCfg = Release|Any CPU
		{74F24936-BFA2-45D7-8F80-FF96C3878F84}.Release|Any CPU.Build.0 = Release|Any CPU
		{74F24936-BFA2-45D7-8F80-FF96C3878F84}.Release|iPhone.ActiveCfg = Release|Any CPU
		{74F24936-BFA2-45D7-8F80-FF96C3878F84}.Release|iPhone.Build.0 = Release|Any CPU
		{74F24936-BFA2-45D7-8F80-FF96C3878F84}.Release|iPhoneSimulator.ActiveCfg = Release|Any CPU
		{74F24936-BFA2-45D7-8F80-FF96C3878F84}.Release|iPhoneSimulator.Build.0 = Release|Any CPU
		{296D017C-EE1D-4EFB-AA01-E571AA9A19FD}.Ad-Hoc|Any CPU.ActiveCfg = Release|Any CPU
		{296D017C-EE1D-4EFB-AA01-E571AA9A19FD}.Ad-Hoc|Any CPU.Build.0 = Release|Any CPU
		{296D017C-EE1D-4EFB-AA01-E571AA9A19FD}.Ad-Hoc|iPhone.ActiveCfg = Release|Any CPU
		{296D017C-EE1D-4EFB-AA01-E571AA9A19FD}.Ad-Hoc|iPhone.Build.0 = Release|Any CPU
		{296D017C-EE1D-4EFB-AA01-E571AA9A19FD}.Ad-Hoc|iPhoneSimulator.ActiveCfg = Release|Any CPU
		{296D017C-EE1D-4EFB-AA01-E571AA9A19FD}.Ad-Hoc|iPhoneSimulator.Build.0 = Release|Any CPU
		{296D017C-EE1D-4EFB-AA01-E571AA9A19FD}.AppStore|Any CPU.ActiveCfg = Release|Any CPU
		{296D017C-EE1D-4EFB-AA01-E571AA9A19FD}.AppStore|Any CPU.Build.0 = Release|Any CPU
		{296D017C-EE1D-4EFB-AA01-E571AA9A19FD}.AppStore|iPhone.ActiveCfg = Release|Any CPU
		{296D017C-EE1D-4EFB-AA01-E571AA9A19FD}.AppStore|iPhone.Build.0 = Release|Any CPU
		{296D017C-EE1D-4EFB-AA01-E571AA9A19FD}.AppStore|iPhoneSimulator.ActiveCfg = Release|Any CPU
		{296D017C-EE1D-4EFB-AA01-E571AA9A19FD}.AppStore|iPhoneSimulator.Build.0 = Release|Any CPU
		{296D017C-EE1D-4EFB-AA01-E571AA9A19FD}.Debug|Any CPU.ActiveCfg = Debug|Any CPU
		{296D017C-EE1D-4EFB-AA01-E571AA9A19FD}.Debug|Any CPU.Build.0 = Debug|Any CPU
		{296D017C-EE1D-4EFB-AA01-E571AA9A19FD}.Debug|iPhone.ActiveCfg = Debug|Any CPU
		{296D017C-EE1D-4EFB-AA01-E571AA9A19FD}.Debug|iPhone.Build.0 = Debug|Any CPU
		{296D017C-EE1D-4EFB-AA01-E571AA9A19FD}.Debug|iPhoneSimulator.ActiveCfg = Debug|Any CPU
		{296D017C-EE1D-4EFB-AA01-E571AA9A19FD}.Debug|iPhoneSimulator.Build.0 = Debug|Any CPU
		{296D017C-EE1D-4EFB-AA01-E571AA9A19FD}.Release|Any CPU.ActiveCfg = Release|Any CPU
		{296D017C-EE1D-4EFB-AA01-E571AA9A19FD}.Release|Any CPU.Build.0 = Release|Any CPU
		{296D017C-EE1D-4EFB-AA01-E571AA9A19FD}.Release|iPhone.ActiveCfg = Release|Any CPU
		{296D017C-EE1D-4EFB-AA01-E571AA9A19FD}.Release|iPhone.Build.0 = Release|Any CPU
		{296D017C-EE1D-4EFB-AA01-E571AA9A19FD}.Release|iPhoneSimulator.ActiveCfg = Release|Any CPU
		{296D017C-EE1D-4EFB-AA01-E571AA9A19FD}.Release|iPhoneSimulator.Build.0 = Release|Any CPU
		{E6AF759F-D36F-4ADD-A6D8-E3281FF86C53}.Ad-Hoc|Any CPU.ActiveCfg = Release|Any CPU
		{E6AF759F-D36F-4ADD-A6D8-E3281FF86C53}.Ad-Hoc|Any CPU.Build.0 = Release|Any CPU
		{E6AF759F-D36F-4ADD-A6D8-E3281FF86C53}.Ad-Hoc|Any CPU.Deploy.0 = Release|Any CPU
		{E6AF759F-D36F-4ADD-A6D8-E3281FF86C53}.Ad-Hoc|iPhone.ActiveCfg = Release|Any CPU
		{E6AF759F-D36F-4ADD-A6D8-E3281FF86C53}.Ad-Hoc|iPhone.Build.0 = Release|Any CPU
		{E6AF759F-D36F-4ADD-A6D8-E3281FF86C53}.Ad-Hoc|iPhone.Deploy.0 = Release|Any CPU
		{E6AF759F-D36F-4ADD-A6D8-E3281FF86C53}.Ad-Hoc|iPhoneSimulator.ActiveCfg = Release|Any CPU
		{E6AF759F-D36F-4ADD-A6D8-E3281FF86C53}.Ad-Hoc|iPhoneSimulator.Build.0 = Release|Any CPU
		{E6AF759F-D36F-4ADD-A6D8-E3281FF86C53}.Ad-Hoc|iPhoneSimulator.Deploy.0 = Release|Any CPU
		{E6AF759F-D36F-4ADD-A6D8-E3281FF86C53}.AppStore|Any CPU.ActiveCfg = Release|Any CPU
		{E6AF759F-D36F-4ADD-A6D8-E3281FF86C53}.AppStore|Any CPU.Build.0 = Release|Any CPU
		{E6AF759F-D36F-4ADD-A6D8-E3281FF86C53}.AppStore|Any CPU.Deploy.0 = Release|Any CPU
		{E6AF759F-D36F-4ADD-A6D8-E3281FF86C53}.AppStore|iPhone.ActiveCfg = Release|Any CPU
		{E6AF759F-D36F-4ADD-A6D8-E3281FF86C53}.AppStore|iPhone.Build.0 = Release|Any CPU
		{E6AF759F-D36F-4ADD-A6D8-E3281FF86C53}.AppStore|iPhone.Deploy.0 = Release|Any CPU
		{E6AF759F-D36F-4ADD-A6D8-E3281FF86C53}.AppStore|iPhoneSimulator.ActiveCfg = Release|Any CPU
		{E6AF759F-D36F-4ADD-A6D8-E3281FF86C53}.AppStore|iPhoneSimulator.Build.0 = Release|Any CPU
		{E6AF759F-D36F-4ADD-A6D8-E3281FF86C53}.AppStore|iPhoneSimulator.Deploy.0 = Release|Any CPU
		{E6AF759F-D36F-4ADD-A6D8-E3281FF86C53}.Debug|Any CPU.ActiveCfg = Debug|Any CPU
		{E6AF759F-D36F-4ADD-A6D8-E3281FF86C53}.Debug|Any CPU.Build.0 = Debug|Any CPU
		{E6AF759F-D36F-4ADD-A6D8-E3281FF86C53}.Debug|Any CPU.Deploy.0 = Debug|Any CPU
		{E6AF759F-D36F-4ADD-A6D8-E3281FF86C53}.Debug|iPhone.ActiveCfg = Debug|Any CPU
		{E6AF759F-D36F-4ADD-A6D8-E3281FF86C53}.Debug|iPhone.Build.0 = Debug|Any CPU
		{E6AF759F-D36F-4ADD-A6D8-E3281FF86C53}.Debug|iPhone.Deploy.0 = Debug|Any CPU
		{E6AF759F-D36F-4ADD-A6D8-E3281FF86C53}.Debug|iPhoneSimulator.ActiveCfg = Debug|Any CPU
		{E6AF759F-D36F-4ADD-A6D8-E3281FF86C53}.Debug|iPhoneSimulator.Build.0 = Debug|Any CPU
		{E6AF759F-D36F-4ADD-A6D8-E3281FF86C53}.Debug|iPhoneSimulator.Deploy.0 = Debug|Any CPU
		{E6AF759F-D36F-4ADD-A6D8-E3281FF86C53}.Release|Any CPU.ActiveCfg = Release|Any CPU
		{E6AF759F-D36F-4ADD-A6D8-E3281FF86C53}.Release|Any CPU.Build.0 = Release|Any CPU
		{E6AF759F-D36F-4ADD-A6D8-E3281FF86C53}.Release|Any CPU.Deploy.0 = Release|Any CPU
		{E6AF759F-D36F-4ADD-A6D8-E3281FF86C53}.Release|iPhone.ActiveCfg = Release|Any CPU
		{E6AF759F-D36F-4ADD-A6D8-E3281FF86C53}.Release|iPhone.Build.0 = Release|Any CPU
		{E6AF759F-D36F-4ADD-A6D8-E3281FF86C53}.Release|iPhone.Deploy.0 = Release|Any CPU
		{E6AF759F-D36F-4ADD-A6D8-E3281FF86C53}.Release|iPhoneSimulator.ActiveCfg = Release|Any CPU
		{E6AF759F-D36F-4ADD-A6D8-E3281FF86C53}.Release|iPhoneSimulator.Build.0 = Release|Any CPU
		{E6AF759F-D36F-4ADD-A6D8-E3281FF86C53}.Release|iPhoneSimulator.Deploy.0 = Release|Any CPU
		{22A1A04B-0DBD-440F-8ECC-FFF7EA225074}.Ad-Hoc|Any CPU.ActiveCfg = Ad-Hoc|iPhone
		{22A1A04B-0DBD-440F-8ECC-FFF7EA225074}.Ad-Hoc|iPhone.ActiveCfg = Ad-Hoc|iPhone
		{22A1A04B-0DBD-440F-8ECC-FFF7EA225074}.Ad-Hoc|iPhone.Build.0 = Ad-Hoc|iPhone
		{22A1A04B-0DBD-440F-8ECC-FFF7EA225074}.Ad-Hoc|iPhoneSimulator.ActiveCfg = Ad-Hoc|iPhoneSimulator
		{22A1A04B-0DBD-440F-8ECC-FFF7EA225074}.Ad-Hoc|iPhoneSimulator.Build.0 = Ad-Hoc|iPhoneSimulator
		{22A1A04B-0DBD-440F-8ECC-FFF7EA225074}.AppStore|Any CPU.ActiveCfg = AppStore|iPhone
		{22A1A04B-0DBD-440F-8ECC-FFF7EA225074}.AppStore|iPhone.ActiveCfg = AppStore|iPhone
		{22A1A04B-0DBD-440F-8ECC-FFF7EA225074}.AppStore|iPhone.Build.0 = AppStore|iPhone
		{22A1A04B-0DBD-440F-8ECC-FFF7EA225074}.AppStore|iPhoneSimulator.ActiveCfg = AppStore|iPhoneSimulator
		{22A1A04B-0DBD-440F-8ECC-FFF7EA225074}.AppStore|iPhoneSimulator.Build.0 = AppStore|iPhoneSimulator
		{22A1A04B-0DBD-440F-8ECC-FFF7EA225074}.Debug|Any CPU.ActiveCfg = Debug|iPhone
		{22A1A04B-0DBD-440F-8ECC-FFF7EA225074}.Debug|iPhone.ActiveCfg = Debug|iPhone
		{22A1A04B-0DBD-440F-8ECC-FFF7EA225074}.Debug|iPhone.Build.0 = Debug|iPhone
		{22A1A04B-0DBD-440F-8ECC-FFF7EA225074}.Debug|iPhoneSimulator.ActiveCfg = Debug|iPhoneSimulator
		{22A1A04B-0DBD-440F-8ECC-FFF7EA225074}.Debug|iPhoneSimulator.Build.0 = Debug|iPhoneSimulator
		{22A1A04B-0DBD-440F-8ECC-FFF7EA225074}.Release|Any CPU.ActiveCfg = Release|iPhone
		{22A1A04B-0DBD-440F-8ECC-FFF7EA225074}.Release|iPhone.ActiveCfg = Release|iPhone
		{22A1A04B-0DBD-440F-8ECC-FFF7EA225074}.Release|iPhone.Build.0 = Release|iPhone
		{22A1A04B-0DBD-440F-8ECC-FFF7EA225074}.Release|iPhoneSimulator.ActiveCfg = Release|iPhoneSimulator
		{22A1A04B-0DBD-440F-8ECC-FFF7EA225074}.Release|iPhoneSimulator.Build.0 = Release|iPhoneSimulator
		{94D877C7-5D42-45DE-9B02-43D11800F890}.Ad-Hoc|Any CPU.ActiveCfg = Debug|Any CPU
		{94D877C7-5D42-45DE-9B02-43D11800F890}.Ad-Hoc|Any CPU.Build.0 = Debug|Any CPU
		{94D877C7-5D42-45DE-9B02-43D11800F890}.Ad-Hoc|iPhone.ActiveCfg = Debug|Any CPU
		{94D877C7-5D42-45DE-9B02-43D11800F890}.Ad-Hoc|iPhone.Build.0 = Debug|Any CPU
		{94D877C7-5D42-45DE-9B02-43D11800F890}.Ad-Hoc|iPhoneSimulator.ActiveCfg = Debug|Any CPU
		{94D877C7-5D42-45DE-9B02-43D11800F890}.Ad-Hoc|iPhoneSimulator.Build.0 = Debug|Any CPU
		{94D877C7-5D42-45DE-9B02-43D11800F890}.AppStore|Any CPU.ActiveCfg = Debug|Any CPU
		{94D877C7-5D42-45DE-9B02-43D11800F890}.AppStore|Any CPU.Build.0 = Debug|Any CPU
		{94D877C7-5D42-45DE-9B02-43D11800F890}.AppStore|iPhone.ActiveCfg = Debug|Any CPU
		{94D877C7-5D42-45DE-9B02-43D11800F890}.AppStore|iPhone.Build.0 = Debug|Any CPU
		{94D877C7-5D42-45DE-9B02-43D11800F890}.AppStore|iPhoneSimulator.ActiveCfg = Debug|Any CPU
		{94D877C7-5D42-45DE-9B02-43D11800F890}.AppStore|iPhoneSimulator.Build.0 = Debug|Any CPU
		{94D877C7-5D42-45DE-9B02-43D11800F890}.Debug|Any CPU.ActiveCfg = Debug|Any CPU
		{94D877C7-5D42-45DE-9B02-43D11800F890}.Debug|Any CPU.Build.0 = Debug|Any CPU
		{94D877C7-5D42-45DE-9B02-43D11800F890}.Debug|iPhone.ActiveCfg = Debug|Any CPU
		{94D877C7-5D42-45DE-9B02-43D11800F890}.Debug|iPhone.Build.0 = Debug|Any CPU
		{94D877C7-5D42-45DE-9B02-43D11800F890}.Debug|iPhoneSimulator.ActiveCfg = Debug|Any CPU
		{94D877C7-5D42-45DE-9B02-43D11800F890}.Debug|iPhoneSimulator.Build.0 = Debug|Any CPU
		{94D877C7-5D42-45DE-9B02-43D11800F890}.Release|Any CPU.ActiveCfg = Release|Any CPU
		{94D877C7-5D42-45DE-9B02-43D11800F890}.Release|Any CPU.Build.0 = Release|Any CPU
		{94D877C7-5D42-45DE-9B02-43D11800F890}.Release|iPhone.ActiveCfg = Release|Any CPU
		{94D877C7-5D42-45DE-9B02-43D11800F890}.Release|iPhone.Build.0 = Release|Any CPU
		{94D877C7-5D42-45DE-9B02-43D11800F890}.Release|iPhoneSimulator.ActiveCfg = Release|Any CPU
		{94D877C7-5D42-45DE-9B02-43D11800F890}.Release|iPhoneSimulator.Build.0 = Release|Any CPU
	EndGlobalSection
	GlobalSection(SolutionProperties) = preSolution
		HideSolutionNode = FALSE
	EndGlobalSection
	GlobalSection(ExtensibilityGlobals) = postSolution
		SolutionGuid = {F0C36306-E787-4767-91BB-D1C142705ABA}
	EndGlobalSection
EndGlobal
